// !$*UTF8*$!
{
	archiveVersion = 1;
	classes = {
	};
	objectVersion = 55;
	objects = {

/* Begin PBXBuildFile section */
		440F27CD278FA153002622F1 /* TempusApp.swift in Sources */ = {isa = PBXBuildFile; fileRef = 440F27BD278FA151002622F1 /* TempusApp.swift */; };
		440F27CE278FA153002622F1 /* TempusApp.swift in Sources */ = {isa = PBXBuildFile; fileRef = 440F27BD278FA151002622F1 /* TempusApp.swift */; };
		440F27CF278FA153002622F1 /* ContentView.swift in Sources */ = {isa = PBXBuildFile; fileRef = 440F27BE278FA151002622F1 /* ContentView.swift */; };
		440F27D0278FA153002622F1 /* ContentView.swift in Sources */ = {isa = PBXBuildFile; fileRef = 440F27BE278FA151002622F1 /* ContentView.swift */; };
		440F27DF2790C34C002622F1 /* Shift.swift in Sources */ = {isa = PBXBuildFile; fileRef = 440F27DE2790C34C002622F1 /* Shift.swift */; };
		440F27E02790C34C002622F1 /* Shift.swift in Sources */ = {isa = PBXBuildFile; fileRef = 440F27DE2790C34C002622F1 /* Shift.swift */; };
		44128ACC279792A600CE9A57 /* PreferencesView.swift in Sources */ = {isa = PBXBuildFile; fileRef = 44128ACB279792A600CE9A57 /* PreferencesView.swift */; };
		44128ACD279792A600CE9A57 /* PreferencesView.swift in Sources */ = {isa = PBXBuildFile; fileRef = 44128ACB279792A600CE9A57 /* PreferencesView.swift */; };
		445F2EDE27A85F3100CA5C37 /* SessionDelegator.swift in Sources */ = {isa = PBXBuildFile; fileRef = 445F2EDD27A85F3100CA5C37 /* SessionDelegator.swift */; };
		445F2EDF27A85F3100CA5C37 /* SessionDelegator.swift in Sources */ = {isa = PBXBuildFile; fileRef = 445F2EDD27A85F3100CA5C37 /* SessionDelegator.swift */; };
		445F2EE127A85F3A00CA5C37 /* Counter.swift in Sources */ = {isa = PBXBuildFile; fileRef = 445F2EE027A85F3A00CA5C37 /* Counter.swift */; };
		445F2EE227A85F3A00CA5C37 /* Counter.swift in Sources */ = {isa = PBXBuildFile; fileRef = 445F2EE027A85F3A00CA5C37 /* Counter.swift */; };
		4469188A2798B71C001B40EF /* Shift.swift in Sources */ = {isa = PBXBuildFile; fileRef = 440F27DE2790C34C002622F1 /* Shift.swift */; };
		44734FDD27976BB200260EE7 /* QuitButton.swift in Sources */ = {isa = PBXBuildFile; fileRef = 44734FDB27976B8F00260EE7 /* QuitButton.swift */; };
		448FE08C2791E04000CD9127 /* ShiftLength.swift in Sources */ = {isa = PBXBuildFile; fileRef = 44BCED5C2790EF9C00EB1D17 /* ShiftLength.swift */; };
		448FE08D2791E04000CD9127 /* ClockOut.swift in Sources */ = {isa = PBXBuildFile; fileRef = 44BCED5E2790F03800EB1D17 /* ClockOut.swift */; };
		448FE08E2791E04000CD9127 /* LunchMinutes.swift in Sources */ = {isa = PBXBuildFile; fileRef = 44BCED5A2790EF4500EB1D17 /* LunchMinutes.swift */; };
		448FE08F2791E04000CD9127 /* LunchBlocks.swift in Sources */ = {isa = PBXBuildFile; fileRef = 44BCED602790F0C000EB1D17 /* LunchBlocks.swift */; };
		448FE0902791E04000CD9127 /* Lunch.swift in Sources */ = {isa = PBXBuildFile; fileRef = 44BCED622790FAB600EB1D17 /* Lunch.swift */; };
		448FE0912791E04000CD9127 /* ClockIn.swift in Sources */ = {isa = PBXBuildFile; fileRef = 44BCED582790EEDF00EB1D17 /* ClockIn.swift */; };
		449DE8DB27A99C720004E130 /* SessionDelegator.swift in Sources */ = {isa = PBXBuildFile; fileRef = 445F2EDD27A85F3100CA5C37 /* SessionDelegator.swift */; };
		44A1D51327A08AF5003BB79D /* Assets.xcassets in Resources */ = {isa = PBXBuildFile; fileRef = 440F27BF278FA153002622F1 /* Assets.xcassets */; };
		44A1D51427A08AF9003BB79D /* Assets.xcassets in Resources */ = {isa = PBXBuildFile; fileRef = 440F27BF278FA153002622F1 /* Assets.xcassets */; };
		44A1D51A27A1B883003BB79D /* Assets.xcassets in Resources */ = {isa = PBXBuildFile; fileRef = 44A1D51927A1B883003BB79D /* Assets.xcassets */; };
		44A1D52027A1B883003BB79D /* WatchApp WatchKit Extension.appex in Embed App Extensions */ = {isa = PBXBuildFile; fileRef = 44A1D51F27A1B883003BB79D /* WatchApp WatchKit Extension.appex */; settings = {ATTRIBUTES = (RemoveHeadersOnCopy, ); }; };
		44A1D52527A1B883003BB79D /* ContentView.swift in Sources */ = {isa = PBXBuildFile; fileRef = 44A1D52427A1B883003BB79D /* ContentView.swift */; };
		44A1D52727A1B883003BB79D /* TempusApp.swift in Sources */ = {isa = PBXBuildFile; fileRef = 44A1D52627A1B883003BB79D /* TempusApp.swift */; };
		44A1D52927A1B883003BB79D /* ComplicationController.swift in Sources */ = {isa = PBXBuildFile; fileRef = 44A1D52827A1B883003BB79D /* ComplicationController.swift */; };
		44A1D52B27A1B884003BB79D /* Assets.xcassets in Resources */ = {isa = PBXBuildFile; fileRef = 44A1D52A27A1B884003BB79D /* Assets.xcassets */; };
		44A1D52E27A1B884003BB79D /* Preview Assets.xcassets in Resources */ = {isa = PBXBuildFile; fileRef = 44A1D52D27A1B884003BB79D /* Preview Assets.xcassets */; };
		44A1D53227A1B884003BB79D /* WatchApp.app in Embed Watch Content */ = {isa = PBXBuildFile; fileRef = 44A1D51727A1B881003BB79D /* WatchApp.app */; settings = {ATTRIBUTES = (RemoveHeadersOnCopy, ); }; };
		44A1D53E27A1BB02003BB79D /* Shift.swift in Sources */ = {isa = PBXBuildFile; fileRef = 440F27DE2790C34C002622F1 /* Shift.swift */; };
		44A88622279894820070DF30 /* WidgetKit.framework in Frameworks */ = {isa = PBXBuildFile; fileRef = 4461F1C52798808B00A3F5A7 /* WidgetKit.framework */; platformFilter = maccatalyst; };
		44A88623279894820070DF30 /* SwiftUI.framework in Frameworks */ = {isa = PBXBuildFile; fileRef = 4461F1C72798808B00A3F5A7 /* SwiftUI.framework */; platformFilter = maccatalyst; };
		44A88626279894820070DF30 /* Widgit.swift in Sources */ = {isa = PBXBuildFile; fileRef = 44A88625279894820070DF30 /* Widgit.swift */; };
		44A88628279894830070DF30 /* Assets.xcassets in Resources */ = {isa = PBXBuildFile; fileRef = 44A88627279894830070DF30 /* Assets.xcassets */; };
		44A8862C279894830070DF30 /* WidgitExtension.appex in Embed App Extensions */ = {isa = PBXBuildFile; fileRef = 44A88621279894820070DF30 /* WidgitExtension.appex */; settings = {ATTRIBUTES = (RemoveHeadersOnCopy, ); }; };
		44BCED592790EEDF00EB1D17 /* ClockIn.swift in Sources */ = {isa = PBXBuildFile; fileRef = 44BCED582790EEDF00EB1D17 /* ClockIn.swift */; };
		44BCED5B2790EF4500EB1D17 /* LunchMinutes.swift in Sources */ = {isa = PBXBuildFile; fileRef = 44BCED5A2790EF4500EB1D17 /* LunchMinutes.swift */; };
		44BCED5D2790EF9C00EB1D17 /* ShiftLength.swift in Sources */ = {isa = PBXBuildFile; fileRef = 44BCED5C2790EF9C00EB1D17 /* ShiftLength.swift */; };
		44BCED5F2790F03800EB1D17 /* ClockOut.swift in Sources */ = {isa = PBXBuildFile; fileRef = 44BCED5E2790F03800EB1D17 /* ClockOut.swift */; };
		44BCED612790F0C000EB1D17 /* LunchBlocks.swift in Sources */ = {isa = PBXBuildFile; fileRef = 44BCED602790F0C000EB1D17 /* LunchBlocks.swift */; };
		44BCED632790FAB600EB1D17 /* Lunch.swift in Sources */ = {isa = PBXBuildFile; fileRef = 44BCED622790FAB600EB1D17 /* Lunch.swift */; };
/* End PBXBuildFile section */

/* Begin PBXContainerItemProxy section */
		44A1D52127A1B883003BB79D /* PBXContainerItemProxy */ = {
			isa = PBXContainerItemProxy;
			containerPortal = 440F27B8278FA151002622F1 /* Project object */;
			proxyType = 1;
			remoteGlobalIDString = 44A1D51E27A1B883003BB79D;
			remoteInfo = "WatchApp WatchKit Extension";
		};
		44A1D53027A1B884003BB79D /* PBXContainerItemProxy */ = {
			isa = PBXContainerItemProxy;
			containerPortal = 440F27B8278FA151002622F1 /* Project object */;
			proxyType = 1;
			remoteGlobalIDString = 44A1D51627A1B881003BB79D;
			remoteInfo = WatchApp;
		};
		44A8862A279894830070DF30 /* PBXContainerItemProxy */ = {
			isa = PBXContainerItemProxy;
			containerPortal = 440F27B8278FA151002622F1 /* Project object */;
			proxyType = 1;
			remoteGlobalIDString = 44A88620279894820070DF30;
			remoteInfo = WidgitExtension;
		};
/* End PBXContainerItemProxy section */

/* Begin PBXCopyFilesBuildPhase section */
		4461F1D52798808D00A3F5A7 /* Embed App Extensions */ = {
			isa = PBXCopyFilesBuildPhase;
			buildActionMask = 12;
			dstPath = "";
			dstSubfolderSpec = 13;
			files = (
				44A8862C279894830070DF30 /* WidgitExtension.appex in Embed App Extensions */,
			);
			name = "Embed App Extensions";
			runOnlyForDeploymentPostprocessing = 0;
		};
		44A1D53627A1B884003BB79D /* Embed App Extensions */ = {
			isa = PBXCopyFilesBuildPhase;
			buildActionMask = 2147483647;
			dstPath = "";
			dstSubfolderSpec = 13;
			files = (
				44A1D52027A1B883003BB79D /* WatchApp WatchKit Extension.appex in Embed App Extensions */,
			);
			name = "Embed App Extensions";
			runOnlyForDeploymentPostprocessing = 0;
		};
		44A1D53A27A1B884003BB79D /* Embed Watch Content */ = {
			isa = PBXCopyFilesBuildPhase;
			buildActionMask = 2147483647;
			dstPath = "$(CONTENTS_FOLDER_PATH)/Watch";
			dstSubfolderSpec = 16;
			files = (
				44A1D53227A1B884003BB79D /* WatchApp.app in Embed Watch Content */,
			);
			name = "Embed Watch Content";
			runOnlyForDeploymentPostprocessing = 0;
		};
/* End PBXCopyFilesBuildPhase section */

/* Begin PBXFileReference section */
		440F27BD278FA151002622F1 /* TempusApp.swift */ = {isa = PBXFileReference; lastKnownFileType = sourcecode.swift; path = TempusApp.swift; sourceTree = "<group>"; };
		440F27BE278FA151002622F1 /* ContentView.swift */ = {isa = PBXFileReference; lastKnownFileType = sourcecode.swift; path = ContentView.swift; sourceTree = "<group>"; };
		440F27BF278FA153002622F1 /* Assets.xcassets */ = {isa = PBXFileReference; lastKnownFileType = folder.assetcatalog; path = Assets.xcassets; sourceTree = "<group>"; };
		440F27C4278FA153002622F1 /* Tempus.app */ = {isa = PBXFileReference; explicitFileType = wrapper.application; includeInIndex = 0; path = Tempus.app; sourceTree = BUILT_PRODUCTS_DIR; };
		440F27CA278FA153002622F1 /* Tempus.app */ = {isa = PBXFileReference; explicitFileType = wrapper.application; includeInIndex = 0; path = Tempus.app; sourceTree = BUILT_PRODUCTS_DIR; };
		440F27CC278FA153002622F1 /* macOS.entitlements */ = {isa = PBXFileReference; lastKnownFileType = text.plist.entitlements; path = macOS.entitlements; sourceTree = "<group>"; };
		440F27DE2790C34C002622F1 /* Shift.swift */ = {isa = PBXFileReference; lastKnownFileType = sourcecode.swift; path = Shift.swift; sourceTree = "<group>"; };
		44128ACB279792A600CE9A57 /* PreferencesView.swift */ = {isa = PBXFileReference; lastKnownFileType = sourcecode.swift; path = PreferencesView.swift; sourceTree = "<group>"; };
		4418BB012799CC7300B5C3D6 /* Tempus--iOS--Info.plist */ = {isa = PBXFileReference; fileEncoding = 4; lastKnownFileType = text.plist.xml; path = "Tempus--iOS--Info.plist"; sourceTree = "<group>"; };
		445F2EDD27A85F3100CA5C37 /* SessionDelegator.swift */ = {isa = PBXFileReference; fileEncoding = 4; lastKnownFileType = sourcecode.swift; path = SessionDelegator.swift; sourceTree = "<group>"; };
		445F2EE027A85F3A00CA5C37 /* Counter.swift */ = {isa = PBXFileReference; fileEncoding = 4; lastKnownFileType = sourcecode.swift; path = Counter.swift; sourceTree = "<group>"; };
		4461F1C52798808B00A3F5A7 /* WidgetKit.framework */ = {isa = PBXFileReference; lastKnownFileType = wrapper.framework; name = WidgetKit.framework; path = System/Library/Frameworks/WidgetKit.framework; sourceTree = SDKROOT; };
		4461F1C72798808B00A3F5A7 /* SwiftUI.framework */ = {isa = PBXFileReference; lastKnownFileType = wrapper.framework; name = SwiftUI.framework; path = System/Library/Frameworks/SwiftUI.framework; sourceTree = SDKROOT; };
		44734FDB27976B8F00260EE7 /* QuitButton.swift */ = {isa = PBXFileReference; lastKnownFileType = sourcecode.swift; path = QuitButton.swift; sourceTree = "<group>"; };
		44A1D51727A1B881003BB79D /* WatchApp.app */ = {isa = PBXFileReference; explicitFileType = wrapper.application; includeInIndex = 0; path = WatchApp.app; sourceTree = BUILT_PRODUCTS_DIR; };
		44A1D51927A1B883003BB79D /* Assets.xcassets */ = {isa = PBXFileReference; lastKnownFileType = folder.assetcatalog; path = Assets.xcassets; sourceTree = "<group>"; };
		44A1D51F27A1B883003BB79D /* WatchApp WatchKit Extension.appex */ = {isa = PBXFileReference; explicitFileType = "wrapper.app-extension"; includeInIndex = 0; path = "WatchApp WatchKit Extension.appex"; sourceTree = BUILT_PRODUCTS_DIR; };
		44A1D52427A1B883003BB79D /* ContentView.swift */ = {isa = PBXFileReference; lastKnownFileType = sourcecode.swift; path = ContentView.swift; sourceTree = "<group>"; };
		44A1D52627A1B883003BB79D /* TempusApp.swift */ = {isa = PBXFileReference; lastKnownFileType = sourcecode.swift; path = TempusApp.swift; sourceTree = "<group>"; };
		44A1D52827A1B883003BB79D /* ComplicationController.swift */ = {isa = PBXFileReference; lastKnownFileType = sourcecode.swift; path = ComplicationController.swift; sourceTree = "<group>"; };
		44A1D52A27A1B884003BB79D /* Assets.xcassets */ = {isa = PBXFileReference; lastKnownFileType = folder.assetcatalog; path = Assets.xcassets; sourceTree = "<group>"; };
		44A1D52D27A1B884003BB79D /* Preview Assets.xcassets */ = {isa = PBXFileReference; lastKnownFileType = folder.assetcatalog; path = "Preview Assets.xcassets"; sourceTree = "<group>"; };
		44A1D52F27A1B884003BB79D /* Info.plist */ = {isa = PBXFileReference; lastKnownFileType = text.plist.xml; path = Info.plist; sourceTree = "<group>"; };
		44A1D53B27A1B89A003BB79D /* WatchApp WatchKit Extension.entitlements */ = {isa = PBXFileReference; lastKnownFileType = text.plist.entitlements; path = "WatchApp WatchKit Extension.entitlements"; sourceTree = "<group>"; };
		44A1D53C27A1B8A7003BB79D /* WatchApp.entitlements */ = {isa = PBXFileReference; lastKnownFileType = text.plist.entitlements; path = WatchApp.entitlements; sourceTree = "<group>"; };
		44A88621279894820070DF30 /* WidgitExtension.appex */ = {isa = PBXFileReference; explicitFileType = "wrapper.app-extension"; includeInIndex = 0; path = WidgitExtension.appex; sourceTree = BUILT_PRODUCTS_DIR; };
		44A88625279894820070DF30 /* Widgit.swift */ = {isa = PBXFileReference; lastKnownFileType = sourcecode.swift; path = Widgit.swift; sourceTree = "<group>"; };
		44A88627279894830070DF30 /* Assets.xcassets */ = {isa = PBXFileReference; lastKnownFileType = folder.assetcatalog; path = Assets.xcassets; sourceTree = "<group>"; };
		44A88629279894830070DF30 /* Info.plist */ = {isa = PBXFileReference; lastKnownFileType = text.plist.xml; path = Info.plist; sourceTree = "<group>"; };
		44BCED582790EEDF00EB1D17 /* ClockIn.swift */ = {isa = PBXFileReference; lastKnownFileType = sourcecode.swift; path = ClockIn.swift; sourceTree = "<group>"; };
		44BCED5A2790EF4500EB1D17 /* LunchMinutes.swift */ = {isa = PBXFileReference; lastKnownFileType = sourcecode.swift; path = LunchMinutes.swift; sourceTree = "<group>"; };
		44BCED5C2790EF9C00EB1D17 /* ShiftLength.swift */ = {isa = PBXFileReference; lastKnownFileType = sourcecode.swift; path = ShiftLength.swift; sourceTree = "<group>"; };
		44BCED5E2790F03800EB1D17 /* ClockOut.swift */ = {isa = PBXFileReference; lastKnownFileType = sourcecode.swift; path = ClockOut.swift; sourceTree = "<group>"; };
		44BCED602790F0C000EB1D17 /* LunchBlocks.swift */ = {isa = PBXFileReference; lastKnownFileType = sourcecode.swift; path = LunchBlocks.swift; sourceTree = "<group>"; };
		44BCED622790FAB600EB1D17 /* Lunch.swift */ = {isa = PBXFileReference; lastKnownFileType = sourcecode.swift; path = Lunch.swift; sourceTree = "<group>"; };
/* End PBXFileReference section */

/* Begin PBXFrameworksBuildPhase section */
		440F27C1278FA153002622F1 /* Frameworks */ = {
			isa = PBXFrameworksBuildPhase;
			buildActionMask = 2147483647;
			files = (
			);
			runOnlyForDeploymentPostprocessing = 0;
		};
		440F27C7278FA153002622F1 /* Frameworks */ = {
			isa = PBXFrameworksBuildPhase;
			buildActionMask = 2147483647;
			files = (
			);
			runOnlyForDeploymentPostprocessing = 0;
		};
		44A1D51C27A1B883003BB79D /* Frameworks */ = {
			isa = PBXFrameworksBuildPhase;
			buildActionMask = 2147483647;
			files = (
			);
			runOnlyForDeploymentPostprocessing = 0;
		};
		44A8861E279894820070DF30 /* Frameworks */ = {
			isa = PBXFrameworksBuildPhase;
			buildActionMask = 2147483647;
			files = (
				44A88623279894820070DF30 /* SwiftUI.framework in Frameworks */,
				44A88622279894820070DF30 /* WidgetKit.framework in Frameworks */,
			);
			runOnlyForDeploymentPostprocessing = 0;
		};
/* End PBXFrameworksBuildPhase section */

/* Begin PBXGroup section */
		440F27B7278FA151002622F1 = {
			isa = PBXGroup;
			children = (
				4418BB012799CC7300B5C3D6 /* Tempus--iOS--Info.plist */,
				440F27BC278FA151002622F1 /* Shared */,
				440F27CB278FA153002622F1 /* macOS */,
				44A88624279894820070DF30 /* Widgit */,
				44A1D51827A1B881003BB79D /* WatchApp */,
				44A1D52327A1B883003BB79D /* WatchApp WatchKit Extension */,
				4461F1C42798808B00A3F5A7 /* Frameworks */,
				440F27C5278FA153002622F1 /* Products */,
			);
			sourceTree = "<group>";
		};
		440F27BC278FA151002622F1 /* Shared */ = {
			isa = PBXGroup;
			children = (
				440F27BF278FA153002622F1 /* Assets.xcassets */,
				440F27BD278FA151002622F1 /* TempusApp.swift */,
				440F27BE278FA151002622F1 /* ContentView.swift */,
				44128ACB279792A600CE9A57 /* PreferencesView.swift */,
				445F2EE027A85F3A00CA5C37 /* Counter.swift */,
				448FE0932791E57300CD9127 /* Elements */,
				448FE0922791E55900CD9127 /* Model */,
			);
			path = Shared;
			sourceTree = "<group>";
		};
		440F27C5278FA153002622F1 /* Products */ = {
			isa = PBXGroup;
			children = (
				440F27C4278FA153002622F1 /* Tempus.app */,
				440F27CA278FA153002622F1 /* Tempus.app */,
				44A88621279894820070DF30 /* WidgitExtension.appex */,
				44A1D51727A1B881003BB79D /* WatchApp.app */,
				44A1D51F27A1B883003BB79D /* WatchApp WatchKit Extension.appex */,
			);
			name = Products;
			sourceTree = "<group>";
		};
		440F27CB278FA153002622F1 /* macOS */ = {
			isa = PBXGroup;
			children = (
				44734FDB27976B8F00260EE7 /* QuitButton.swift */,
				440F27CC278FA153002622F1 /* macOS.entitlements */,
			);
			path = macOS;
			sourceTree = "<group>";
		};
		4461F1C42798808B00A3F5A7 /* Frameworks */ = {
			isa = PBXGroup;
			children = (
				4461F1C52798808B00A3F5A7 /* WidgetKit.framework */,
				4461F1C72798808B00A3F5A7 /* SwiftUI.framework */,
			);
			name = Frameworks;
			sourceTree = "<group>";
		};
		448FE0922791E55900CD9127 /* Model */ = {
			isa = PBXGroup;
			children = (
				445F2EDD27A85F3100CA5C37 /* SessionDelegator.swift */,
				440F27DE2790C34C002622F1 /* Shift.swift */,
			);
			path = Model;
			sourceTree = "<group>";
		};
		448FE0932791E57300CD9127 /* Elements */ = {
			isa = PBXGroup;
			children = (
				44BCED622790FAB600EB1D17 /* Lunch.swift */,
				44BCED5A2790EF4500EB1D17 /* LunchMinutes.swift */,
				44BCED602790F0C000EB1D17 /* LunchBlocks.swift */,
				44BCED5C2790EF9C00EB1D17 /* ShiftLength.swift */,
				44BCED582790EEDF00EB1D17 /* ClockIn.swift */,
				44BCED5E2790F03800EB1D17 /* ClockOut.swift */,
			);
			path = Elements;
			sourceTree = "<group>";
		};
		44A1D51827A1B881003BB79D /* WatchApp */ = {
			isa = PBXGroup;
			children = (
				44A1D53C27A1B8A7003BB79D /* WatchApp.entitlements */,
				44A1D51927A1B883003BB79D /* Assets.xcassets */,
			);
			path = WatchApp;
			sourceTree = "<group>";
		};
		44A1D52327A1B883003BB79D /* WatchApp WatchKit Extension */ = {
			isa = PBXGroup;
			children = (
				44A1D53B27A1B89A003BB79D /* WatchApp WatchKit Extension.entitlements */,
				44A1D52427A1B883003BB79D /* ContentView.swift */,
				44A1D52627A1B883003BB79D /* TempusApp.swift */,
				44A1D52827A1B883003BB79D /* ComplicationController.swift */,
				44A1D52A27A1B884003BB79D /* Assets.xcassets */,
				44A1D52F27A1B884003BB79D /* Info.plist */,
				44A1D52C27A1B884003BB79D /* Preview Content */,
			);
			path = "WatchApp WatchKit Extension";
			sourceTree = "<group>";
		};
		44A1D52C27A1B884003BB79D /* Preview Content */ = {
			isa = PBXGroup;
			children = (
				44A1D52D27A1B884003BB79D /* Preview Assets.xcassets */,
			);
			path = "Preview Content";
			sourceTree = "<group>";
		};
		44A88624279894820070DF30 /* Widgit */ = {
			isa = PBXGroup;
			children = (
				44A88625279894820070DF30 /* Widgit.swift */,
				44A88627279894830070DF30 /* Assets.xcassets */,
				44A88629279894830070DF30 /* Info.plist */,
			);
			path = Widgit;
			sourceTree = "<group>";
		};
/* End PBXGroup section */

/* Begin PBXNativeTarget section */
		440F27C3278FA153002622F1 /* Tempus (iOS) */ = {
			isa = PBXNativeTarget;
			buildConfigurationList = 440F27D5278FA153002622F1 /* Build configuration list for PBXNativeTarget "Tempus (iOS)" */;
			buildPhases = (
				440F27C0278FA153002622F1 /* Sources */,
				440F27C1278FA153002622F1 /* Frameworks */,
				440F27C2278FA153002622F1 /* Resources */,
				4461F1D52798808D00A3F5A7 /* Embed App Extensions */,
				44A1D53A27A1B884003BB79D /* Embed Watch Content */,
			);
			buildRules = (
			);
			dependencies = (
				44A8862B279894830070DF30 /* PBXTargetDependency */,
				44A1D53127A1B884003BB79D /* PBXTargetDependency */,
			);
			name = "Tempus (iOS)";
			productName = "Tempus (iOS)";
			productReference = 440F27C4278FA153002622F1 /* Tempus.app */;
			productType = "com.apple.product-type.application";
		};
		440F27C9278FA153002622F1 /* Tempus (macOS) */ = {
			isa = PBXNativeTarget;
			buildConfigurationList = 440F27D8278FA153002622F1 /* Build configuration list for PBXNativeTarget "Tempus (macOS)" */;
			buildPhases = (
				440F27C6278FA153002622F1 /* Sources */,
				440F27C7278FA153002622F1 /* Frameworks */,
				440F27C8278FA153002622F1 /* Resources */,
			);
			buildRules = (
			);
			dependencies = (
			);
			name = "Tempus (macOS)";
			productName = "Tempus (macOS)";
			productReference = 440F27CA278FA153002622F1 /* Tempus.app */;
			productType = "com.apple.product-type.application";
		};
		44A1D51627A1B881003BB79D /* WatchApp */ = {
			isa = PBXNativeTarget;
			buildConfigurationList = 44A1D53727A1B884003BB79D /* Build configuration list for PBXNativeTarget "WatchApp" */;
			buildPhases = (
				44A1D51527A1B881003BB79D /* Resources */,
				44A1D53627A1B884003BB79D /* Embed App Extensions */,
			);
			buildRules = (
			);
			dependencies = (
				44A1D52227A1B883003BB79D /* PBXTargetDependency */,
			);
			name = WatchApp;
			productName = WatchApp;
			productReference = 44A1D51727A1B881003BB79D /* WatchApp.app */;
			productType = "com.apple.product-type.application.watchapp2";
		};
		44A1D51E27A1B883003BB79D /* WatchApp WatchKit Extension */ = {
			isa = PBXNativeTarget;
			buildConfigurationList = 44A1D53327A1B884003BB79D /* Build configuration list for PBXNativeTarget "WatchApp WatchKit Extension" */;
			buildPhases = (
				44A1D51B27A1B883003BB79D /* Sources */,
				44A1D51C27A1B883003BB79D /* Frameworks */,
				44A1D51D27A1B883003BB79D /* Resources */,
			);
			buildRules = (
			);
			dependencies = (
			);
			name = "WatchApp WatchKit Extension";
			productName = "WatchApp WatchKit Extension";
			productReference = 44A1D51F27A1B883003BB79D /* WatchApp WatchKit Extension.appex */;
			productType = "com.apple.product-type.watchkit2-extension";
		};
		44A88620279894820070DF30 /* WidgitExtension */ = {
			isa = PBXNativeTarget;
			buildConfigurationList = 44A8862D279894830070DF30 /* Build configuration list for PBXNativeTarget "WidgitExtension" */;
			buildPhases = (
				44A8861D279894820070DF30 /* Sources */,
				44A8861E279894820070DF30 /* Frameworks */,
				44A8861F279894820070DF30 /* Resources */,
			);
			buildRules = (
			);
			dependencies = (
			);
			name = WidgitExtension;
			productName = WidgitExtension;
			productReference = 44A88621279894820070DF30 /* WidgitExtension.appex */;
			productType = "com.apple.product-type.app-extension";
		};
/* End PBXNativeTarget section */

/* Begin PBXProject section */
		440F27B8278FA151002622F1 /* Project object */ = {
			isa = PBXProject;
			attributes = {
				BuildIndependentTargetsInParallel = 1;
				KnownAssetTags = (
					New,
				);
				LastSwiftUpdateCheck = 1320;
				LastUpgradeCheck = 1320;
				TargetAttributes = {
					440F27C3278FA153002622F1 = {
						CreatedOnToolsVersion = 13.2.1;
					};
					440F27C9278FA153002622F1 = {
						CreatedOnToolsVersion = 13.2.1;
					};
					44A1D51627A1B881003BB79D = {
						CreatedOnToolsVersion = 13.2.1;
					};
					44A1D51E27A1B883003BB79D = {
						CreatedOnToolsVersion = 13.2.1;
					};
					44A88620279894820070DF30 = {
						CreatedOnToolsVersion = 13.2.1;
					};
				};
			};
			buildConfigurationList = 440F27BB278FA151002622F1 /* Build configuration list for PBXProject "Tempus" */;
			compatibilityVersion = "Xcode 13.0";
			developmentRegion = en;
			hasScannedForEncodings = 0;
			knownRegions = (
				en,
				Base,
			);
			mainGroup = 440F27B7278FA151002622F1;
			productRefGroup = 440F27C5278FA153002622F1 /* Products */;
			projectDirPath = "";
			projectRoot = "";
			targets = (
				440F27C3278FA153002622F1 /* Tempus (iOS) */,
				440F27C9278FA153002622F1 /* Tempus (macOS) */,
				44A88620279894820070DF30 /* WidgitExtension */,
				44A1D51627A1B881003BB79D /* WatchApp */,
				44A1D51E27A1B883003BB79D /* WatchApp WatchKit Extension */,
			);
		};
/* End PBXProject section */

/* Begin PBXResourcesBuildPhase section */
		440F27C2278FA153002622F1 /* Resources */ = {
			isa = PBXResourcesBuildPhase;
			buildActionMask = 2147483647;
			files = (
				44A1D51427A08AF9003BB79D /* Assets.xcassets in Resources */,
			);
			runOnlyForDeploymentPostprocessing = 0;
		};
		440F27C8278FA153002622F1 /* Resources */ = {
			isa = PBXResourcesBuildPhase;
			buildActionMask = 2147483647;
			files = (
				44A1D51327A08AF5003BB79D /* Assets.xcassets in Resources */,
			);
			runOnlyForDeploymentPostprocessing = 0;
		};
		44A1D51527A1B881003BB79D /* Resources */ = {
			isa = PBXResourcesBuildPhase;
			buildActionMask = 2147483647;
			files = (
				44A1D51A27A1B883003BB79D /* Assets.xcassets in Resources */,
			);
			runOnlyForDeploymentPostprocessing = 0;
		};
		44A1D51D27A1B883003BB79D /* Resources */ = {
			isa = PBXResourcesBuildPhase;
			buildActionMask = 2147483647;
			files = (
				44A1D52E27A1B884003BB79D /* Preview Assets.xcassets in Resources */,
				44A1D52B27A1B884003BB79D /* Assets.xcassets in Resources */,
			);
			runOnlyForDeploymentPostprocessing = 0;
		};
		44A8861F279894820070DF30 /* Resources */ = {
			isa = PBXResourcesBuildPhase;
			buildActionMask = 2147483647;
			files = (
				44A88628279894830070DF30 /* Assets.xcassets in Resources */,
			);
			runOnlyForDeploymentPostprocessing = 0;
		};
/* End PBXResourcesBuildPhase section */

/* Begin PBXSourcesBuildPhase section */
		440F27C0278FA153002622F1 /* Sources */ = {
			isa = PBXSourcesBuildPhase;
			buildActionMask = 2147483647;
			files = (
				440F27CF278FA153002622F1 /* ContentView.swift in Sources */,
				440F27DF2790C34C002622F1 /* Shift.swift in Sources */,
				445F2EE127A85F3A00CA5C37 /* Counter.swift in Sources */,
				44BCED592790EEDF00EB1D17 /* ClockIn.swift in Sources */,
				440F27CD278FA153002622F1 /* TempusApp.swift in Sources */,
				44BCED612790F0C000EB1D17 /* LunchBlocks.swift in Sources */,
				44128ACC279792A600CE9A57 /* PreferencesView.swift in Sources */,
				44BCED5B2790EF4500EB1D17 /* LunchMinutes.swift in Sources */,
				44BCED5F2790F03800EB1D17 /* ClockOut.swift in Sources */,
				445F2EDE27A85F3100CA5C37 /* SessionDelegator.swift in Sources */,
				44BCED632790FAB600EB1D17 /* Lunch.swift in Sources */,
				44BCED5D2790EF9C00EB1D17 /* ShiftLength.swift in Sources */,
			);
			runOnlyForDeploymentPostprocessing = 0;
		};
		440F27C6278FA153002622F1 /* Sources */ = {
			isa = PBXSourcesBuildPhase;
			buildActionMask = 2147483647;
			files = (
				448FE0902791E04000CD9127 /* Lunch.swift in Sources */,
				448FE0912791E04000CD9127 /* ClockIn.swift in Sources */,
				44734FDD27976BB200260EE7 /* QuitButton.swift in Sources */,
				448FE08C2791E04000CD9127 /* ShiftLength.swift in Sources */,
				448FE08D2791E04000CD9127 /* ClockOut.swift in Sources */,
				440F27D0278FA153002622F1 /* ContentView.swift in Sources */,
				448FE08F2791E04000CD9127 /* LunchBlocks.swift in Sources */,
				440F27E02790C34C002622F1 /* Shift.swift in Sources */,
				448FE08E2791E04000CD9127 /* LunchMinutes.swift in Sources */,
				440F27CE278FA153002622F1 /* TempusApp.swift in Sources */,
				44128ACD279792A600CE9A57 /* PreferencesView.swift in Sources */,
			);
			runOnlyForDeploymentPostprocessing = 0;
		};
		44A1D51B27A1B883003BB79D /* Sources */ = {
			isa = PBXSourcesBuildPhase;
			buildActionMask = 2147483647;
			files = (
				44A1D53E27A1BB02003BB79D /* Shift.swift in Sources */,
				44A1D52527A1B883003BB79D /* ContentView.swift in Sources */,
				445F2EDF27A85F3100CA5C37 /* SessionDelegator.swift in Sources */,
				44A1D52727A1B883003BB79D /* TempusApp.swift in Sources */,
				44A1D52927A1B883003BB79D /* ComplicationController.swift in Sources */,
				445F2EE227A85F3A00CA5C37 /* Counter.swift in Sources */,
			);
			runOnlyForDeploymentPostprocessing = 0;
		};
		44A8861D279894820070DF30 /* Sources */ = {
			isa = PBXSourcesBuildPhase;
			buildActionMask = 2147483647;
			files = (
				4469188A2798B71C001B40EF /* Shift.swift in Sources */,
				44A88626279894820070DF30 /* Widgit.swift in Sources */,
				449DE8DB27A99C720004E130 /* SessionDelegator.swift in Sources */,
			);
			runOnlyForDeploymentPostprocessing = 0;
		};
/* End PBXSourcesBuildPhase section */

/* Begin PBXTargetDependency section */
		44A1D52227A1B883003BB79D /* PBXTargetDependency */ = {
			isa = PBXTargetDependency;
			target = 44A1D51E27A1B883003BB79D /* WatchApp WatchKit Extension */;
			targetProxy = 44A1D52127A1B883003BB79D /* PBXContainerItemProxy */;
		};
		44A1D53127A1B884003BB79D /* PBXTargetDependency */ = {
			isa = PBXTargetDependency;
			target = 44A1D51627A1B881003BB79D /* WatchApp */;
			targetProxy = 44A1D53027A1B884003BB79D /* PBXContainerItemProxy */;
		};
		44A8862B279894830070DF30 /* PBXTargetDependency */ = {
			isa = PBXTargetDependency;
			target = 44A88620279894820070DF30 /* WidgitExtension */;
			targetProxy = 44A8862A279894830070DF30 /* PBXContainerItemProxy */;
		};
/* End PBXTargetDependency section */

/* Begin XCBuildConfiguration section */
		440F27D3278FA153002622F1 /* Debug */ = {
			isa = XCBuildConfiguration;
			buildSettings = {
				ALWAYS_SEARCH_USER_PATHS = NO;
				CLANG_ANALYZER_NONNULL = YES;
				CLANG_ANALYZER_NUMBER_OBJECT_CONVERSION = YES_AGGRESSIVE;
				CLANG_CXX_LANGUAGE_STANDARD = "gnu++17";
				CLANG_CXX_LIBRARY = "libc++";
				CLANG_ENABLE_MODULES = YES;
				CLANG_ENABLE_OBJC_ARC = YES;
				CLANG_ENABLE_OBJC_WEAK = YES;
				CLANG_WARN_BLOCK_CAPTURE_AUTORELEASING = YES;
				CLANG_WARN_BOOL_CONVERSION = YES;
				CLANG_WARN_COMMA = YES;
				CLANG_WARN_CONSTANT_CONVERSION = YES;
				CLANG_WARN_DEPRECATED_OBJC_IMPLEMENTATIONS = YES;
				CLANG_WARN_DIRECT_OBJC_ISA_USAGE = YES_ERROR;
				CLANG_WARN_DOCUMENTATION_COMMENTS = YES;
				CLANG_WARN_EMPTY_BODY = YES;
				CLANG_WARN_ENUM_CONVERSION = YES;
				CLANG_WARN_INFINITE_RECURSION = YES;
				CLANG_WARN_INT_CONVERSION = YES;
				CLANG_WARN_NON_LITERAL_NULL_CONVERSION = YES;
				CLANG_WARN_OBJC_IMPLICIT_RETAIN_SELF = YES;
				CLANG_WARN_OBJC_LITERAL_CONVERSION = YES;
				CLANG_WARN_OBJC_ROOT_CLASS = YES_ERROR;
				CLANG_WARN_QUOTED_INCLUDE_IN_FRAMEWORK_HEADER = YES;
				CLANG_WARN_RANGE_LOOP_ANALYSIS = YES;
				CLANG_WARN_STRICT_PROTOTYPES = YES;
				CLANG_WARN_SUSPICIOUS_MOVE = YES;
				CLANG_WARN_UNGUARDED_AVAILABILITY = YES_AGGRESSIVE;
				CLANG_WARN_UNREACHABLE_CODE = YES;
				CLANG_WARN__DUPLICATE_METHOD_MATCH = YES;
				COPY_PHASE_STRIP = NO;
				DEBUG_INFORMATION_FORMAT = dwarf;
				ENABLE_STRICT_OBJC_MSGSEND = YES;
				ENABLE_TESTABILITY = YES;
				GCC_C_LANGUAGE_STANDARD = gnu11;
				GCC_DYNAMIC_NO_PIC = NO;
				GCC_NO_COMMON_BLOCKS = YES;
				GCC_OPTIMIZATION_LEVEL = 0;
				GCC_PREPROCESSOR_DEFINITIONS = (
					"DEBUG=1",
					"$(inherited)",
				);
				GCC_WARN_64_TO_32_BIT_CONVERSION = YES;
				GCC_WARN_ABOUT_RETURN_TYPE = YES_ERROR;
				GCC_WARN_UNDECLARED_SELECTOR = YES;
				GCC_WARN_UNINITIALIZED_AUTOS = YES_AGGRESSIVE;
				GCC_WARN_UNUSED_FUNCTION = YES;
				GCC_WARN_UNUSED_VARIABLE = YES;
				IPHONEOS_DEPLOYMENT_TARGET = 15.0;
				MACOSX_DEPLOYMENT_TARGET = 12.0;
				MTL_ENABLE_DEBUG_INFO = INCLUDE_SOURCE;
				MTL_FAST_MATH = YES;
				ONLY_ACTIVE_ARCH = YES;
				SWIFT_ACTIVE_COMPILATION_CONDITIONS = DEBUG;
				SWIFT_OPTIMIZATION_LEVEL = "-Onone";
			};
			name = Debug;
		};
		440F27D4278FA153002622F1 /* Release */ = {
			isa = XCBuildConfiguration;
			buildSettings = {
				ALWAYS_SEARCH_USER_PATHS = NO;
				CLANG_ANALYZER_NONNULL = YES;
				CLANG_ANALYZER_NUMBER_OBJECT_CONVERSION = YES_AGGRESSIVE;
				CLANG_CXX_LANGUAGE_STANDARD = "gnu++17";
				CLANG_CXX_LIBRARY = "libc++";
				CLANG_ENABLE_MODULES = YES;
				CLANG_ENABLE_OBJC_ARC = YES;
				CLANG_ENABLE_OBJC_WEAK = YES;
				CLANG_WARN_BLOCK_CAPTURE_AUTORELEASING = YES;
				CLANG_WARN_BOOL_CONVERSION = YES;
				CLANG_WARN_COMMA = YES;
				CLANG_WARN_CONSTANT_CONVERSION = YES;
				CLANG_WARN_DEPRECATED_OBJC_IMPLEMENTATIONS = YES;
				CLANG_WARN_DIRECT_OBJC_ISA_USAGE = YES_ERROR;
				CLANG_WARN_DOCUMENTATION_COMMENTS = YES;
				CLANG_WARN_EMPTY_BODY = YES;
				CLANG_WARN_ENUM_CONVERSION = YES;
				CLANG_WARN_INFINITE_RECURSION = YES;
				CLANG_WARN_INT_CONVERSION = YES;
				CLANG_WARN_NON_LITERAL_NULL_CONVERSION = YES;
				CLANG_WARN_OBJC_IMPLICIT_RETAIN_SELF = YES;
				CLANG_WARN_OBJC_LITERAL_CONVERSION = YES;
				CLANG_WARN_OBJC_ROOT_CLASS = YES_ERROR;
				CLANG_WARN_QUOTED_INCLUDE_IN_FRAMEWORK_HEADER = YES;
				CLANG_WARN_RANGE_LOOP_ANALYSIS = YES;
				CLANG_WARN_STRICT_PROTOTYPES = YES;
				CLANG_WARN_SUSPICIOUS_MOVE = YES;
				CLANG_WARN_UNGUARDED_AVAILABILITY = YES_AGGRESSIVE;
				CLANG_WARN_UNREACHABLE_CODE = YES;
				CLANG_WARN__DUPLICATE_METHOD_MATCH = YES;
				COPY_PHASE_STRIP = NO;
				DEBUG_INFORMATION_FORMAT = "dwarf-with-dsym";
				ENABLE_NS_ASSERTIONS = NO;
				ENABLE_STRICT_OBJC_MSGSEND = YES;
				GCC_C_LANGUAGE_STANDARD = gnu11;
				GCC_NO_COMMON_BLOCKS = YES;
				GCC_WARN_64_TO_32_BIT_CONVERSION = YES;
				GCC_WARN_ABOUT_RETURN_TYPE = YES_ERROR;
				GCC_WARN_UNDECLARED_SELECTOR = YES;
				GCC_WARN_UNINITIALIZED_AUTOS = YES_AGGRESSIVE;
				GCC_WARN_UNUSED_FUNCTION = YES;
				GCC_WARN_UNUSED_VARIABLE = YES;
				IPHONEOS_DEPLOYMENT_TARGET = 15.0;
				MACOSX_DEPLOYMENT_TARGET = 12.0;
				MTL_ENABLE_DEBUG_INFO = NO;
				MTL_FAST_MATH = YES;
				SWIFT_COMPILATION_MODE = wholemodule;
				SWIFT_OPTIMIZATION_LEVEL = "-O";
			};
			name = Release;
		};
		440F27D6278FA153002622F1 /* Debug */ = {
			isa = XCBuildConfiguration;
			buildSettings = {
				ALWAYS_EMBED_SWIFT_STANDARD_LIBRARIES = YES;
				ASSETCATALOG_COMPILER_APPICON_NAME = AppIcon;
				ASSETCATALOG_COMPILER_GLOBAL_ACCENT_COLOR_NAME = AccentColor;
				CODE_SIGN_ENTITLEMENTS = "Tempus (iOS).entitlements";
				CODE_SIGN_STYLE = Automatic;
				CURRENT_PROJECT_VERSION = 1;
				DEVELOPMENT_TEAM = PK5UZ58Q86;
				ENABLE_PREVIEWS = YES;
				GENERATE_INFOPLIST_FILE = YES;
				INFOPLIST_FILE = "Tempus--iOS--Info.plist";
				INFOPLIST_KEY_UIApplicationSceneManifest_Generation = YES;
				INFOPLIST_KEY_UIApplicationSupportsIndirectInputEvents = YES;
				INFOPLIST_KEY_UILaunchScreen_Generation = YES;
				INFOPLIST_KEY_UISupportedInterfaceOrientations_iPad = "UIInterfaceOrientationPortrait UIInterfaceOrientationPortraitUpsideDown UIInterfaceOrientationLandscapeLeft UIInterfaceOrientationLandscapeRight";
				INFOPLIST_KEY_UISupportedInterfaceOrientations_iPhone = "UIInterfaceOrientationPortrait UIInterfaceOrientationLandscapeLeft UIInterfaceOrientationLandscapeRight";
				IPHONEOS_DEPLOYMENT_TARGET = 15.0;
				LD_RUNPATH_SEARCH_PATHS = (
					"$(inherited)",
					"@executable_path/Frameworks",
				);
				MARKETING_VERSION = 1.0;
				PRODUCT_BUNDLE_IDENTIFIER = com.sports.Tempus;
				PRODUCT_NAME = Tempus;
				SDKROOT = iphoneos;
				SWIFT_EMIT_LOC_STRINGS = YES;
				SWIFT_VERSION = 5.0;
				TARGETED_DEVICE_FAMILY = "1,2";
			};
			name = Debug;
		};
		440F27D7278FA153002622F1 /* Release */ = {
			isa = XCBuildConfiguration;
			buildSettings = {
				ALWAYS_EMBED_SWIFT_STANDARD_LIBRARIES = YES;
				ASSETCATALOG_COMPILER_APPICON_NAME = AppIcon;
				ASSETCATALOG_COMPILER_GLOBAL_ACCENT_COLOR_NAME = AccentColor;
				CODE_SIGN_ENTITLEMENTS = "Tempus (iOS).entitlements";
				CODE_SIGN_STYLE = Automatic;
				CURRENT_PROJECT_VERSION = 1;
				DEVELOPMENT_TEAM = PK5UZ58Q86;
				ENABLE_PREVIEWS = YES;
				GENERATE_INFOPLIST_FILE = YES;
				INFOPLIST_FILE = "Tempus--iOS--Info.plist";
				INFOPLIST_KEY_UIApplicationSceneManifest_Generation = YES;
				INFOPLIST_KEY_UIApplicationSupportsIndirectInputEvents = YES;
				INFOPLIST_KEY_UILaunchScreen_Generation = YES;
				INFOPLIST_KEY_UISupportedInterfaceOrientations_iPad = "UIInterfaceOrientationPortrait UIInterfaceOrientationPortraitUpsideDown UIInterfaceOrientationLandscapeLeft UIInterfaceOrientationLandscapeRight";
				INFOPLIST_KEY_UISupportedInterfaceOrientations_iPhone = "UIInterfaceOrientationPortrait UIInterfaceOrientationLandscapeLeft UIInterfaceOrientationLandscapeRight";
				IPHONEOS_DEPLOYMENT_TARGET = 15.0;
				LD_RUNPATH_SEARCH_PATHS = (
					"$(inherited)",
					"@executable_path/Frameworks",
				);
				MARKETING_VERSION = 1.0;
				PRODUCT_BUNDLE_IDENTIFIER = com.sports.Tempus;
				PRODUCT_NAME = Tempus;
				SDKROOT = iphoneos;
				SWIFT_EMIT_LOC_STRINGS = YES;
				SWIFT_VERSION = 5.0;
				TARGETED_DEVICE_FAMILY = "1,2";
				VALIDATE_PRODUCT = YES;
			};
			name = Release;
		};
		440F27D9278FA153002622F1 /* Debug */ = {
			isa = XCBuildConfiguration;
			buildSettings = {
				ASSETCATALOG_COMPILER_APPICON_NAME = "macOS App Icon";
				ASSETCATALOG_COMPILER_GLOBAL_ACCENT_COLOR_NAME = AccentColor;
				CODE_SIGN_ENTITLEMENTS = macOS/macOS.entitlements;
				CODE_SIGN_IDENTITY = "Apple Development";
				CODE_SIGN_STYLE = Automatic;
				COMBINE_HIDPI_IMAGES = YES;
				CURRENT_PROJECT_VERSION = 1;
				DEVELOPMENT_TEAM = PK5UZ58Q86;
				ENABLE_HARDENED_RUNTIME = YES;
				ENABLE_PREVIEWS = YES;
				GENERATE_INFOPLIST_FILE = YES;
				INFOPLIST_FILE = "Tempus--macOS--Info.plist";
				INFOPLIST_KEY_LSApplicationCategoryType = "public.app-category.utilities";
				INFOPLIST_KEY_NSHumanReadableCopyright = "";
				LD_RUNPATH_SEARCH_PATHS = (
					"$(inherited)",
					"@executable_path/../Frameworks",
				);
				MACOSX_DEPLOYMENT_TARGET = 12.0;
				MARKETING_VERSION = 0.1;
				PRODUCT_BUNDLE_IDENTIFIER = com.sports.Tempus;
				PRODUCT_NAME = Tempus;
				PROVISIONING_PROFILE_SPECIFIER = "";
				SDKROOT = macosx;
				SWIFT_EMIT_LOC_STRINGS = YES;
				SWIFT_VERSION = 5.0;
			};
			name = Debug;
		};
		440F27DA278FA153002622F1 /* Release */ = {
			isa = XCBuildConfiguration;
			buildSettings = {
				ASSETCATALOG_COMPILER_APPICON_NAME = "macOS App Icon";
				ASSETCATALOG_COMPILER_GLOBAL_ACCENT_COLOR_NAME = AccentColor;
				CODE_SIGN_ENTITLEMENTS = macOS/macOS.entitlements;
				CODE_SIGN_IDENTITY = "Apple Development";
				CODE_SIGN_STYLE = Automatic;
				COMBINE_HIDPI_IMAGES = YES;
				CURRENT_PROJECT_VERSION = 1;
				DEVELOPMENT_TEAM = PK5UZ58Q86;
				ENABLE_HARDENED_RUNTIME = YES;
				ENABLE_PREVIEWS = YES;
				GENERATE_INFOPLIST_FILE = YES;
				INFOPLIST_FILE = "Tempus--macOS--Info.plist";
				INFOPLIST_KEY_LSApplicationCategoryType = "public.app-category.utilities";
				INFOPLIST_KEY_NSHumanReadableCopyright = "";
				LD_RUNPATH_SEARCH_PATHS = (
					"$(inherited)",
					"@executable_path/../Frameworks",
				);
				MACOSX_DEPLOYMENT_TARGET = 12.0;
				MARKETING_VERSION = 0.1;
				PRODUCT_BUNDLE_IDENTIFIER = com.sports.Tempus;
				PRODUCT_NAME = Tempus;
				PROVISIONING_PROFILE_SPECIFIER = "";
				SDKROOT = macosx;
				SWIFT_EMIT_LOC_STRINGS = YES;
				SWIFT_VERSION = 5.0;
			};
			name = Release;
		};
		44A1D53427A1B884003BB79D /* Debug */ = {
			isa = XCBuildConfiguration;
			buildSettings = {
				ASSETCATALOG_COMPILER_COMPLICATION_NAME = Complication;
				CODE_SIGN_ENTITLEMENTS = "WatchApp WatchKit Extension/WatchApp WatchKit Extension.entitlements";
				CODE_SIGN_STYLE = Automatic;
				CURRENT_PROJECT_VERSION = 1;
				DEVELOPMENT_ASSET_PATHS = "\"WatchApp WatchKit Extension/Preview Content\"";
				DEVELOPMENT_TEAM = PK5UZ58Q86;
				ENABLE_PREVIEWS = YES;
				GENERATE_INFOPLIST_FILE = YES;
				INFOPLIST_FILE = "WatchApp WatchKit Extension/Info.plist";
				INFOPLIST_KEY_CFBundleDisplayName = "WatchApp WatchKit Extension";
				INFOPLIST_KEY_CLKComplicationPrincipalClass = "$(PRODUCT_MODULE_NAME).ComplicationController";
				INFOPLIST_KEY_NSHumanReadableCopyright = "";
				LD_RUNPATH_SEARCH_PATHS = (
					"$(inherited)",
					"@executable_path/Frameworks",
					"@executable_path/../../Frameworks",
				);
				MARKETING_VERSION = 1.0;
				PRODUCT_BUNDLE_IDENTIFIER = com.sports.Tempus.watchkitapp.watchkitextension;
				PRODUCT_NAME = "${TARGET_NAME}";
				SDKROOT = watchos;
				SKIP_INSTALL = YES;
				SWIFT_EMIT_LOC_STRINGS = YES;
				SWIFT_VERSION = 5.0;
				TARGETED_DEVICE_FAMILY = 4;
				WATCHOS_DEPLOYMENT_TARGET = 8.3;
			};
			name = Debug;
		};
		44A1D53527A1B884003BB79D /* Release */ = {
			isa = XCBuildConfiguration;
			buildSettings = {
				ASSETCATALOG_COMPILER_COMPLICATION_NAME = Complication;
				CODE_SIGN_ENTITLEMENTS = "WatchApp WatchKit Extension/WatchApp WatchKit Extension.entitlements";
				CODE_SIGN_STYLE = Automatic;
				CURRENT_PROJECT_VERSION = 1;
				DEVELOPMENT_ASSET_PATHS = "\"WatchApp WatchKit Extension/Preview Content\"";
				DEVELOPMENT_TEAM = PK5UZ58Q86;
				ENABLE_PREVIEWS = YES;
				GENERATE_INFOPLIST_FILE = YES;
				INFOPLIST_FILE = "WatchApp WatchKit Extension/Info.plist";
				INFOPLIST_KEY_CFBundleDisplayName = "WatchApp WatchKit Extension";
				INFOPLIST_KEY_CLKComplicationPrincipalClass = "$(PRODUCT_MODULE_NAME).ComplicationController";
				INFOPLIST_KEY_NSHumanReadableCopyright = "";
				LD_RUNPATH_SEARCH_PATHS = (
					"$(inherited)",
					"@executable_path/Frameworks",
					"@executable_path/../../Frameworks",
				);
				MARKETING_VERSION = 1.0;
				PRODUCT_BUNDLE_IDENTIFIER = com.sports.Tempus.watchkitapp.watchkitextension;
				PRODUCT_NAME = "${TARGET_NAME}";
				SDKROOT = watchos;
				SKIP_INSTALL = YES;
				SWIFT_EMIT_LOC_STRINGS = YES;
				SWIFT_VERSION = 5.0;
				TARGETED_DEVICE_FAMILY = 4;
				VALIDATE_PRODUCT = YES;
				WATCHOS_DEPLOYMENT_TARGET = 8.3;
			};
			name = Release;
		};
		44A1D53827A1B884003BB79D /* Debug */ = {
			isa = XCBuildConfiguration;
			buildSettings = {
				ALWAYS_EMBED_SWIFT_STANDARD_LIBRARIES = YES;
				ASSETCATALOG_COMPILER_APPICON_NAME = AppIcon;
				ASSETCATALOG_COMPILER_GLOBAL_ACCENT_COLOR_NAME = AccentColor;
				CODE_SIGN_ENTITLEMENTS = WatchApp/WatchApp.entitlements;
				CODE_SIGN_STYLE = Automatic;
				CURRENT_PROJECT_VERSION = 1;
				DEVELOPMENT_TEAM = PK5UZ58Q86;
				GENERATE_INFOPLIST_FILE = YES;
				IBSC_MODULE = WatchApp_WatchKit_Extension;
				INFOPLIST_KEY_CFBundleDisplayName = WatchApp;
				INFOPLIST_KEY_UISupportedInterfaceOrientations = "UIInterfaceOrientationPortrait UIInterfaceOrientationPortraitUpsideDown";
				INFOPLIST_KEY_WKCompanionAppBundleIdentifier = com.sports.Tempus;
				MARKETING_VERSION = 1.0;
				PRODUCT_BUNDLE_IDENTIFIER = com.sports.Tempus.watchkitapp;
				PRODUCT_NAME = "$(TARGET_NAME)";
				SDKROOT = watchos;
				SKIP_INSTALL = YES;
				SWIFT_EMIT_LOC_STRINGS = YES;
				SWIFT_VERSION = 5.0;
				TARGETED_DEVICE_FAMILY = 4;
				WATCHOS_DEPLOYMENT_TARGET = 8.3;
			};
			name = Debug;
		};
		44A1D53927A1B884003BB79D /* Release */ = {
			isa = XCBuildConfiguration;
			buildSettings = {
				ALWAYS_EMBED_SWIFT_STANDARD_LIBRARIES = YES;
				ASSETCATALOG_COMPILER_APPICON_NAME = AppIcon;
				ASSETCATALOG_COMPILER_GLOBAL_ACCENT_COLOR_NAME = AccentColor;
				CODE_SIGN_ENTITLEMENTS = WatchApp/WatchApp.entitlements;
				CODE_SIGN_STYLE = Automatic;
				CURRENT_PROJECT_VERSION = 1;
				DEVELOPMENT_TEAM = PK5UZ58Q86;
				GENERATE_INFOPLIST_FILE = YES;
				IBSC_MODULE = WatchApp_WatchKit_Extension;
				INFOPLIST_KEY_CFBundleDisplayName = WatchApp;
				INFOPLIST_KEY_UISupportedInterfaceOrientations = "UIInterfaceOrientationPortrait UIInterfaceOrientationPortraitUpsideDown";
				INFOPLIST_KEY_WKCompanionAppBundleIdentifier = com.sports.Tempus;
				MARKETING_VERSION = 1.0;
				PRODUCT_BUNDLE_IDENTIFIER = com.sports.Tempus.watchkitapp;
				PRODUCT_NAME = "$(TARGET_NAME)";
				SDKROOT = watchos;
				SKIP_INSTALL = YES;
				SWIFT_EMIT_LOC_STRINGS = YES;
				SWIFT_VERSION = 5.0;
				TARGETED_DEVICE_FAMILY = 4;
				VALIDATE_PRODUCT = YES;
				WATCHOS_DEPLOYMENT_TARGET = 8.3;
			};
			name = Release;
		};
		44A8862E279894830070DF30 /* Debug */ = {
			isa = XCBuildConfiguration;
			buildSettings = {
				ASSETCATALOG_COMPILER_GLOBAL_ACCENT_COLOR_NAME = AccentColor;
				ASSETCATALOG_COMPILER_WIDGET_BACKGROUND_COLOR_NAME = WidgetBackground;
				CODE_SIGN_ENTITLEMENTS = WidgitExtension.entitlements;
				CODE_SIGN_STYLE = Automatic;
				CURRENT_PROJECT_VERSION = 1;
				DEVELOPMENT_TEAM = PK5UZ58Q86;
				GENERATE_INFOPLIST_FILE = YES;
				INFOPLIST_FILE = Widgit/Info.plist;
				INFOPLIST_KEY_CFBundleDisplayName = Widgit;
				INFOPLIST_KEY_NSHumanReadableCopyright = "";
				IPHONEOS_DEPLOYMENT_TARGET = 15.2;
				LD_RUNPATH_SEARCH_PATHS = (
					"$(inherited)",
					"@executable_path/Frameworks",
					"@executable_path/../../Frameworks",
				);
				MARKETING_VERSION = 0.1;
				PRODUCT_BUNDLE_IDENTIFIER = com.sports.Tempus.Widgit;
				PRODUCT_NAME = "$(TARGET_NAME)";
				SDKROOT = iphoneos;
				SKIP_INSTALL = YES;
				SWIFT_EMIT_LOC_STRINGS = YES;
				SWIFT_VERSION = 5.0;
				TARGETED_DEVICE_FAMILY = "1,2";
			};
			name = Debug;
		};
		44A8862F279894830070DF30 /* Release */ = {
			isa = XCBuildConfiguration;
			buildSettings = {
				ASSETCATALOG_COMPILER_GLOBAL_ACCENT_COLOR_NAME = AccentColor;
				ASSETCATALOG_COMPILER_WIDGET_BACKGROUND_COLOR_NAME = WidgetBackground;
				CODE_SIGN_ENTITLEMENTS = WidgitExtension.entitlements;
				CODE_SIGN_STYLE = Automatic;
				CURRENT_PROJECT_VERSION = 1;
				DEVELOPMENT_TEAM = PK5UZ58Q86;
				GENERATE_INFOPLIST_FILE = YES;
				INFOPLIST_FILE = Widgit/Info.plist;
				INFOPLIST_KEY_CFBundleDisplayName = Widgit;
				INFOPLIST_KEY_NSHumanReadableCopyright = "";
				IPHONEOS_DEPLOYMENT_TARGET = 15.2;
				LD_RUNPATH_SEARCH_PATHS = (
					"$(inherited)",
					"@executable_path/Frameworks",
					"@executable_path/../../Frameworks",
				);
				MARKETING_VERSION = 0.1;
				PRODUCT_BUNDLE_IDENTIFIER = com.sports.Tempus.Widgit;
				PRODUCT_NAME = "$(TARGET_NAME)";
				SDKROOT = iphoneos;
				SKIP_INSTALL = YES;
				SWIFT_EMIT_LOC_STRINGS = YES;
				SWIFT_VERSION = 5.0;
				TARGETED_DEVICE_FAMILY = "1,2";
				VALIDATE_PRODUCT = YES;
			};
			name = Release;
		};
/* End XCBuildConfiguration section */

/* Begin XCConfigurationList section */
		440F27BB278FA151002622F1 /* Build configuration list for PBXProject "Tempus" */ = {
			isa = XCConfigurationList;
			buildConfigurations = (
				440F27D3278FA153002622F1 /* Debug */,
				440F27D4278FA153002622F1 /* Release */,
			);
			defaultConfigurationIsVisible = 0;
			defaultConfigurationName = Release;
		};
		440F27D5278FA153002622F1 /* Build configuration list for PBXNativeTarget "Tempus (iOS)" */ = {
			isa = XCConfigurationList;
			buildConfigurations = (
				440F27D6278FA153002622F1 /* Debug */,
				440F27D7278FA153002622F1 /* Release */,
			);
			defaultConfigurationIsVisible = 0;
			defaultConfigurationName = Release;
		};
		440F27D8278FA153002622F1 /* Build configuration list for PBXNativeTarget "Tempus (macOS)" */ = {
			isa = XCConfigurationList;
			buildConfigurations = (
				440F27D9278FA153002622F1 /* Debug */,
				440F27DA278FA153002622F1 /* Release */,
			);
			defaultConfigurationIsVisible = 0;
			defaultConfigurationName = Release;
		};
		44A1D53327A1B884003BB79D /* Build configuration list for PBXNativeTarget "WatchApp WatchKit Extension" */ = {
			isa = XCConfigurationList;
			buildConfigurations = (
				44A1D53427A1B884003BB79D /* Debug */,
				44A1D53527A1B884003BB79D /* Release */,
			);
			defaultConfigurationIsVisible = 0;
			defaultConfigurationName = Release;
		};
		44A1D53727A1B884003BB79D /* Build configuration list for PBXNativeTarget "WatchApp" */ = {
			isa = XCConfigurationList;
			buildConfigurations = (
				44A1D53827A1B884003BB79D /* Debug */,
				44A1D53927A1B884003BB79D /* Release */,
			);
			defaultConfigurationIsVisible = 0;
			defaultConfigurationName = Release;
		};
		44A8862D279894830070DF30 /* Build configuration list for PBXNativeTarget "WidgitExtension" */ = {
			isa = XCConfigurationList;
			buildConfigurations = (
				44A8862E279894830070DF30 /* Debug */,
				44A8862F279894830070DF30 /* Release */,
			);
			defaultConfigurationIsVisible = 0;
			defaultConfigurationName = Release;
		};
/* End XCConfigurationList section */
	};
	rootObject = 440F27B8278FA151002622F1 /* Project object */;
}
